
Microsoft Visual Studio Solution File, Format Version 12.00
# Visual Studio 15
VisualStudioVersion = 15.0.27130.2020
MinimumVisualStudioVersion = 10.0.40219.1
Project("{FAE04EC0-301F-11D3-BF4B-00C04F79EFBC}") = "Kolben", "Kolben\Kolben.csproj", "{ED665F9B-07F4-4415-BD72-A728CF1EA909}"
EndProject
Project("{FAE04EC0-301F-11D3-BF4B-00C04F79EFBC}") = "Kolben.Core", "Kolben.Core\Kolben.Core\Kolben.Core.csproj", "{BA0FC46C-5A3C-4FE3-BBF6-145029B48DE0}"
EndProject
Global
	GlobalSection(SolutionConfigurationPlatforms) = preSolution
		Debug|Any CPU = Debug|Any CPU
		Release|Any CPU = Release|Any CPU
	EndGlobalSection
	GlobalSection(ProjectConfigurationPlatforms) = postSolution
		{ED665F9B-07F4-4415-BD72-A728CF1EA909}.Debug|Any CPU.ActiveCfg = Debug|Any CPU
		{ED665F9B-07F4-4415-BD72-A728CF1EA909}.Debug|Any CPU.Build.0 = Debug|Any CPU
		{ED665F9B-07F4-4415-BD72-A728CF1EA909}.Release|Any CPU.ActiveCfg = Release|Any CPU
		{ED665F9B-07F4-4415-BD72-A728CF1EA909}.Release|Any CPU.Build.0 = Release|Any CPU
		{BA0FC46C-5A3C-4FE3-BBF6-145029B48DE0}.Debug|Any CPU.ActiveCfg = Debug|Any CPU
		{BA0FC46C-5A3C-4FE3-BBF6-145029B48DE0}.Debug|Any CPU.Build.0 = Debug|Any CPU
		{BA0FC46C-5A3C-4FE3-BBF6-145029B48DE0}.Release|Any CPU.ActiveCfg = Release|Any CPU
		{BA0FC46C-5A3C-4FE3-BBF6-145029B48DE0}.Release|Any CPU.Build.0 = Release|Any CPU
	EndGlobalSection
	GlobalSection(SolutionProperties) = preSolution
		HideSolutionNode = FALSE
	EndGlobalSection
	GlobalSection(ExtensibilityGlobals) = postSolution
		SolutionGuid = {8087EA94-2B7A-4900-8C98-DD11C8279324}
	EndGlobalSection
EndGlobal
